// !$*UTF8*$!
{
	archiveVersion = 1;
	classes = {
	};
	objectVersion = 56;
	objects = {

/* Begin PBXBuildFile section */
		CC7C9B432BCD52850007512A /* UserData.xcdatamodeld in Sources */ = {isa = PBXBuildFile; fileRef = CC7C9B412BCD52850007512A /* UserData.xcdatamodeld */; };
		CC7C9B452BCD529A0007512A /* UserDataManager.swift in Sources */ = {isa = PBXBuildFile; fileRef = CC7C9B442BCD529A0007512A /* UserDataManager.swift */; };
		CC7C9B472BCD538A0007512A /* PersonalInfoView.swift in Sources */ = {isa = PBXBuildFile; fileRef = CC7C9B462BCD538A0007512A /* PersonalInfoView.swift */; };
		CC7C9B492BCD5B9F0007512A /* LaunchView.swift in Sources */ = {isa = PBXBuildFile; fileRef = CC7C9B482BCD5B9F0007512A /* LaunchView.swift */; };
		CC7C9B4B2BCD5C2E0007512A /* UserMainView.swift in Sources */ = {isa = PBXBuildFile; fileRef = CC7C9B4A2BCD5C2E0007512A /* UserMainView.swift */; };
		CC7C9B4D2BCD5C380007512A /* AvatarView.swift in Sources */ = {isa = PBXBuildFile; fileRef = CC7C9B4C2BCD5C380007512A /* AvatarView.swift */; };
		CC7C9B4F2BCD5C410007512A /* SettingView.swift in Sources */ = {isa = PBXBuildFile; fileRef = CC7C9B4E2BCD5C410007512A /* SettingView.swift */; };
		CCBF69A12BCD36AE00774F3E /* ImmuniApp.swift in Sources */ = {isa = PBXBuildFile; fileRef = CCBF69A02BCD36AE00774F3E /* ImmuniApp.swift */; };
		CCBF69A32BCD36AE00774F3E /* TabBarView.swift in Sources */ = {isa = PBXBuildFile; fileRef = CCBF69A22BCD36AE00774F3E /* TabBarView.swift */; };
		CCBF69A52BCD36B000774F3E /* Assets.xcassets in Resources */ = {isa = PBXBuildFile; fileRef = CCBF69A42BCD36B000774F3E /* Assets.xcassets */; };
		CCBF69A82BCD36B000774F3E /* Preview Assets.xcassets in Resources */ = {isa = PBXBuildFile; fileRef = CCBF69A72BCD36B000774F3E /* Preview Assets.xcassets */; };
/* End PBXBuildFile section */

/* Begin PBXFileReference section */
		CC7C9B422BCD52850007512A /* UserData.xcdatamodel */ = {isa = PBXFileReference; lastKnownFileType = wrapper.xcdatamodel; path = UserData.xcdatamodel; sourceTree = "<group>"; };
		CC7C9B442BCD529A0007512A /* UserDataManager.swift */ = {isa = PBXFileReference; lastKnownFileType = sourcecode.swift; path = UserDataManager.swift; sourceTree = "<group>"; };
		CC7C9B462BCD538A0007512A /* PersonalInfoView.swift */ = {isa = PBXFileReference; lastKnownFileType = sourcecode.swift; path = PersonalInfoView.swift; sourceTree = "<group>"; };
		CC7C9B482BCD5B9F0007512A /* LaunchView.swift */ = {isa = PBXFileReference; lastKnownFileType = sourcecode.swift; path = LaunchView.swift; sourceTree = "<group>"; };
		CC7C9B4A2BCD5C2E0007512A /* UserMainView.swift */ = {isa = PBXFileReference; lastKnownFileType = sourcecode.swift; path = UserMainView.swift; sourceTree = "<group>"; };
		CC7C9B4C2BCD5C380007512A /* AvatarView.swift */ = {isa = PBXFileReference; lastKnownFileType = sourcecode.swift; path = AvatarView.swift; sourceTree = "<group>"; };
		CC7C9B4E2BCD5C410007512A /* SettingView.swift */ = {isa = PBXFileReference; lastKnownFileType = sourcecode.swift; path = SettingView.swift; sourceTree = "<group>"; };
		CCBF699D2BCD36AE00774F3E /* Immuni.app */ = {isa = PBXFileReference; explicitFileType = wrapper.application; includeInIndex = 0; path = Immuni.app; sourceTree = BUILT_PRODUCTS_DIR; };
		CCBF69A02BCD36AE00774F3E /* ImmuniApp.swift */ = {isa = PBXFileReference; lastKnownFileType = sourcecode.swift; path = ImmuniApp.swift; sourceTree = "<group>"; };
		CCBF69A22BCD36AE00774F3E /* TabBarView.swift */ = {isa = PBXFileReference; lastKnownFileType = sourcecode.swift; path = TabBarView.swift; sourceTree = "<group>"; };
		CCBF69A42BCD36B000774F3E /* Assets.xcassets */ = {isa = PBXFileReference; lastKnownFileType = folder.assetcatalog; path = Assets.xcassets; sourceTree = "<group>"; };
		CCBF69A72BCD36B000774F3E /* Preview Assets.xcassets */ = {isa = PBXFileReference; lastKnownFileType = folder.assetcatalog; path = "Preview Assets.xcassets"; sourceTree = "<group>"; };
/* End PBXFileReference section */

/* Begin PBXFrameworksBuildPhase section */
		CCBF699A2BCD36AE00774F3E /* Frameworks */ = {
			isa = PBXFrameworksBuildPhase;
			buildActionMask = 2147483647;
			files = (
			);
			runOnlyForDeploymentPostprocessing = 0;
		};
/* End PBXFrameworksBuildPhase section */

/* Begin PBXGroup section */
		CC7C9B3C2BCD3C5E0007512A /* Model */ = {
			isa = PBXGroup;
			children = (
				CC7C9B412BCD52850007512A /* UserData.xcdatamodeld */,
				CC7C9B442BCD529A0007512A /* UserDataManager.swift */,
			);
			path = Model;
			sourceTree = "<group>";
		};
		CC7C9B3D2BCD3C660007512A /* Support */ = {
			isa = PBXGroup;
			children = (
				CCBF69A42BCD36B000774F3E /* Assets.xcassets */,
			);
			path = Support;
			sourceTree = "<group>";
		};
		CC7C9B3E2BCD3CD20007512A /* MainView */ = {
			isa = PBXGroup;
			children = (
				CCBF69A22BCD36AE00774F3E /* TabBarView.swift */,
				CC7C9B4A2BCD5C2E0007512A /* UserMainView.swift */,
				CC7C9B4C2BCD5C380007512A /* AvatarView.swift */,
				CC7C9B4E2BCD5C410007512A /* SettingView.swift */,
				CC7C9B402BCD4E5C0007512A /* UnderMainView */,
			);
			path = MainView;
			sourceTree = "<group>";
		};
		CC7C9B3F2BCD3D140007512A /* InitialView */ = {
			isa = PBXGroup;
			children = (
				CC7C9B482BCD5B9F0007512A /* LaunchView.swift */,
				CC7C9B462BCD538A0007512A /* PersonalInfoView.swift */,
			);
			path = InitialView;
			sourceTree = "<group>";
		};
		CC7C9B402BCD4E5C0007512A /* UnderMainView */ = {
			isa = PBXGroup;
			children = (
				CC7C9B522BCD5C850007512A /* Exercise */,
				CC7C9B512BCD5C7F0007512A /* Condition */,
				CC7C9B502BCD5C6F0007512A /* Info */,
			);
			path = UnderMainView;
			sourceTree = "<group>";
		};
		CC7C9B502BCD5C6F0007512A /* Info */ = {
			isa = PBXGroup;
			children = (
			);
			path = Info;
			sourceTree = "<group>";
		};
		CC7C9B512BCD5C7F0007512A /* Condition */ = {
			isa = PBXGroup;
			children = (
			);
			path = Condition;
			sourceTree = "<group>";
		};
		CC7C9B522BCD5C850007512A /* Exercise */ = {
			isa = PBXGroup;
			children = (
			);
			path = Exercise;
			sourceTree = "<group>";
		};
		CCBF69942BCD36AE00774F3E = {
			isa = PBXGroup;
			children = (
				CCBF699F2BCD36AE00774F3E /* Immuni */,
				CCBF699E2BCD36AE00774F3E /* Products */,
			);
			sourceTree = "<group>";
		};
		CCBF699E2BCD36AE00774F3E /* Products */ = {
			isa = PBXGroup;
			children = (
				CCBF699D2BCD36AE00774F3E /* Immuni.app */,
			);
			name = Products;
			sourceTree = "<group>";
		};
		CCBF699F2BCD36AE00774F3E /* Immuni */ = {
			isa = PBXGroup;
			children = (
				CCBF69A02BCD36AE00774F3E /* ImmuniApp.swift */,
				CC7C9B3D2BCD3C660007512A /* Support */,
				CC7C9B3C2BCD3C5E0007512A /* Model */,
				CC7C9B3F2BCD3D140007512A /* InitialView */,
				CC7C9B3E2BCD3CD20007512A /* MainView */,
				CCBF69A62BCD36B000774F3E /* Preview Content */,
			);
			path = Immuni;
			sourceTree = "<group>";
		};
		CCBF69A62BCD36B000774F3E /* Preview Content */ = {
			isa = PBXGroup;
			children = (
				CCBF69A72BCD36B000774F3E /* Preview Assets.xcassets */,
			);
			path = "Preview Content";
			sourceTree = "<group>";
		};
/* End PBXGroup section */

/* Begin PBXNativeTarget section */
		CCBF699C2BCD36AE00774F3E /* Immuni */ = {
			isa = PBXNativeTarget;
			buildConfigurationList = CCBF69AB2BCD36B000774F3E /* Build configuration list for PBXNativeTarget "Immuni" */;
			buildPhases = (
				CCBF69992BCD36AE00774F3E /* Sources */,
				CCBF699A2BCD36AE00774F3E /* Frameworks */,
				CCBF699B2BCD36AE00774F3E /* Resources */,
			);
			buildRules = (
			);
			dependencies = (
			);
			name = Immuni;
			productName = Immuni;
			productReference = CCBF699D2BCD36AE00774F3E /* Immuni.app */;
			productType = "com.apple.product-type.application";
		};
/* End PBXNativeTarget section */

/* Begin PBXProject section */
		CCBF69952BCD36AE00774F3E /* Project object */ = {
			isa = PBXProject;
			attributes = {
				BuildIndependentTargetsInParallel = 1;
				LastSwiftUpdateCheck = 1510;
				LastUpgradeCheck = 1510;
				TargetAttributes = {
					CCBF699C2BCD36AE00774F3E = {
						CreatedOnToolsVersion = 15.1;
					};
				};
			};
			buildConfigurationList = CCBF69982BCD36AE00774F3E /* Build configuration list for PBXProject "Immuni" */;
			compatibilityVersion = "Xcode 14.0";
			developmentRegion = en;
			hasScannedForEncodings = 0;
			knownRegions = (
				en,
				Base,
			);
			mainGroup = CCBF69942BCD36AE00774F3E;
			productRefGroup = CCBF699E2BCD36AE00774F3E /* Products */;
			projectDirPath = "";
			projectRoot = "";
			targets = (
				CCBF699C2BCD36AE00774F3E /* Immuni */,
			);
		};
/* End PBXProject section */

/* Begin PBXResourcesBuildPhase section */
		CCBF699B2BCD36AE00774F3E /* Resources */ = {
			isa = PBXResourcesBuildPhase;
			buildActionMask = 2147483647;
			files = (
				CCBF69A82BCD36B000774F3E /* Preview Assets.xcassets in Resources */,
				CCBF69A52BCD36B000774F3E /* Assets.xcassets in Resources */,
			);
			runOnlyForDeploymentPostprocessing = 0;
		};
/* End PBXResourcesBuildPhase section */

/* Begin PBXSourcesBuildPhase section */
		CCBF69992BCD36AE00774F3E /* Sources */ = {
			isa = PBXSourcesBuildPhase;
			buildActionMask = 2147483647;
			files = (
				CC7C9B472BCD538A0007512A /* PersonalInfoView.swift in Sources */,
				CC7C9B492BCD5B9F0007512A /* LaunchView.swift in Sources */,
				CC7C9B452BCD529A0007512A /* UserDataManager.swift in Sources */,
				CC7C9B4F2BCD5C410007512A /* SettingView.swift in Sources */,
				CC7C9B432BCD52850007512A /* UserData.xcdatamodeld in Sources */,
				CC7C9B4B2BCD5C2E0007512A /* UserMainView.swift in Sources */,
				CC7C9B4D2BCD5C380007512A /* AvatarView.swift in Sources */,
				CCBF69A32BCD36AE00774F3E /* TabBarView.swift in Sources */,
				CCBF69A12BCD36AE00774F3E /* ImmuniApp.swift in Sources */,
			);
			runOnlyForDeploymentPostprocessing = 0;
		};
/* End PBXSourcesBuildPhase section */

/* Begin XCBuildConfiguration section */
		CCBF69A92BCD36B000774F3E /* Debug */ = {
			isa = XCBuildConfiguration;
			buildSettings = {
				ALWAYS_SEARCH_USER_PATHS = NO;
				ASSETCATALOG_COMPILER_GENERATE_SWIFT_ASSET_SYMBOL_EXTENSIONS = YES;
				CLANG_ANALYZER_NONNULL = YES;
				CLANG_ANALYZER_NUMBER_OBJECT_CONVERSION = YES_AGGRESSIVE;
				CLANG_CXX_LANGUAGE_STANDARD = "gnu++20";
				CLANG_ENABLE_MODULES = YES;
				CLANG_ENABLE_OBJC_ARC = YES;
				CLANG_ENABLE_OBJC_WEAK = YES;
				CLANG_WARN_BLOCK_CAPTURE_AUTORELEASING = YES;
				CLANG_WARN_BOOL_CONVERSION = YES;
				CLANG_WARN_COMMA = YES;
				CLANG_WARN_CONSTANT_CONVERSION = YES;
				CLANG_WARN_DEPRECATED_OBJC_IMPLEMENTATIONS = YES;
				CLANG_WARN_DIRECT_OBJC_ISA_USAGE = YES_ERROR;
				CLANG_WARN_DOCUMENTATION_COMMENTS = YES;
				CLANG_WARN_EMPTY_BODY = YES;
				CLANG_WARN_ENUM_CONVERSION = YES;
				CLANG_WARN_INFINITE_RECURSION = YES;
				CLANG_WARN_INT_CONVERSION = YES;
				CLANG_WARN_NON_LITERAL_NULL_CONVERSION = YES;
				CLANG_WARN_OBJC_IMPLICIT_RETAIN_SELF = YES;
				CLANG_WARN_OBJC_LITERAL_CONVERSION = YES;
				CLANG_WARN_OBJC_ROOT_CLASS = YES_ERROR;
				CLANG_WARN_QUOTED_INCLUDE_IN_FRAMEWORK_HEADER = YES;
				CLANG_WARN_RANGE_LOOP_ANALYSIS = YES;
				CLANG_WARN_STRICT_PROTOTYPES = YES;
				CLANG_WARN_SUSPICIOUS_MOVE = YES;
				CLANG_WARN_UNGUARDED_AVAILABILITY = YES_AGGRESSIVE;
				CLANG_WARN_UNREACHABLE_CODE = YES;
				CLANG_WARN__DUPLICATE_METHOD_MATCH = YES;
				COPY_PHASE_STRIP = NO;
				DEBUG_INFORMATION_FORMAT = dwarf;
				ENABLE_STRICT_OBJC_MSGSEND = YES;
				ENABLE_TESTABILITY = YES;
				ENABLE_USER_SCRIPT_SANDBOXING = YES;
				GCC_C_LANGUAGE_STANDARD = gnu17;
				GCC_DYNAMIC_NO_PIC = NO;
				GCC_NO_COMMON_BLOCKS = YES;
				GCC_OPTIMIZATION_LEVEL = 0;
				GCC_PREPROCESSOR_DEFINITIONS = (
					"DEBUG=1",
					"$(inherited)",
				);
				GCC_WARN_64_TO_32_BIT_CONVERSION = YES;
				GCC_WARN_ABOUT_RETURN_TYPE = YES_ERROR;
				GCC_WARN_UNDECLARED_SELECTOR = YES;
				GCC_WARN_UNINITIALIZED_AUTOS = YES_AGGRESSIVE;
				GCC_WARN_UNUSED_FUNCTION = YES;
				GCC_WARN_UNUSED_VARIABLE = YES;
				IPHONEOS_DEPLOYMENT_TARGET = 17.2;
				LOCALIZATION_PREFERS_STRING_CATALOGS = YES;
				MTL_ENABLE_DEBUG_INFO = INCLUDE_SOURCE;
				MTL_FAST_MATH = YES;
				ONLY_ACTIVE_ARCH = YES;
				SDKROOT = iphoneos;
				SWIFT_ACTIVE_COMPILATION_CONDITIONS = "DEBUG $(inherited)";
				SWIFT_OPTIMIZATION_LEVEL = "-Onone";
			};
			name = Debug;
		};
		CCBF69AA2BCD36B000774F3E /* Release */ = {
			isa = XCBuildConfiguration;
			buildSettings = {
				ALWAYS_SEARCH_USER_PATHS = NO;
				ASSETCATALOG_COMPILER_GENERATE_SWIFT_ASSET_SYMBOL_EXTENSIONS = YES;
				CLANG_ANALYZER_NONNULL = YES;
				CLANG_ANALYZER_NUMBER_OBJECT_CONVERSION = YES_AGGRESSIVE;
				CLANG_CXX_LANGUAGE_STANDARD = "gnu++20";
				CLANG_ENABLE_MODULES = YES;
				CLANG_ENABLE_OBJC_ARC = YES;
				CLANG_ENABLE_OBJC_WEAK = YES;
				CLANG_WARN_BLOCK_CAPTURE_AUTORELEASING = YES;
				CLANG_WARN_BOOL_CONVERSION = YES;
				CLANG_WARN_COMMA = YES;
				CLANG_WARN_CONSTANT_CONVERSION = YES;
				CLANG_WARN_DEPRECATED_OBJC_IMPLEMENTATIONS = YES;
				CLANG_WARN_DIRECT_OBJC_ISA_USAGE = YES_ERROR;
				CLANG_WARN_DOCUMENTATION_COMMENTS = YES;
				CLANG_WARN_EMPTY_BODY = YES;
				CLANG_WARN_ENUM_CONVERSION = YES;
				CLANG_WARN_INFINITE_RECURSION = YES;
				CLANG_WARN_INT_CONVERSION = YES;
				CLANG_WARN_NON_LITERAL_NULL_CONVERSION = YES;
				CLANG_WARN_OBJC_IMPLICIT_RETAIN_SELF = YES;
				CLANG_WARN_OBJC_LITERAL_CONVERSION = YES;
				CLANG_WARN_OBJC_ROOT_CLASS = YES_ERROR;
				CLANG_WARN_QUOTED_INCLUDE_IN_FRAMEWORK_HEADER = YES;
				CLANG_WARN_RANGE_LOOP_ANALYSIS = YES;
				CLANG_WARN_STRICT_PROTOTYPES = YES;
				CLANG_WARN_SUSPICIOUS_MOVE = YES;
				CLANG_WARN_UNGUARDED_AVAILABILITY = YES_AGGRESSIVE;
				CLANG_WARN_UNREACHABLE_CODE = YES;
				CLANG_WARN__DUPLICATE_METHOD_MATCH = YES;
				COPY_PHASE_STRIP = NO;
				DEBUG_INFORMATION_FORMAT = "dwarf-with-dsym";
				ENABLE_NS_ASSERTIONS = NO;
				ENABLE_STRICT_OBJC_MSGSEND = YES;
				ENABLE_USER_SCRIPT_SANDBOXING = YES;
				GCC_C_LANGUAGE_STANDARD = gnu17;
				GCC_NO_COMMON_BLOCKS = YES;
				GCC_WARN_64_TO_32_BIT_CONVERSION = YES;
				GCC_WARN_ABOUT_RETURN_TYPE = YES_ERROR;
				GCC_WARN_UNDECLARED_SELECTOR = YES;
				GCC_WARN_UNINITIALIZED_AUTOS = YES_AGGRESSIVE;
				GCC_WARN_UNUSED_FUNCTION = YES;
				GCC_WARN_UNUSED_VARIABLE = YES;
				IPHONEOS_DEPLOYMENT_TARGET = 17.2;
				LOCALIZATION_PREFERS_STRING_CATALOGS = YES;
				MTL_ENABLE_DEBUG_INFO = NO;
				MTL_FAST_MATH = YES;
				SDKROOT = iphoneos;
				SWIFT_COMPILATION_MODE = wholemodule;
				VALIDATE_PRODUCT = YES;
			};
			name = Release;
		};
		CCBF69AC2BCD36B000774F3E /* Debug */ = {
			isa = XCBuildConfiguration;
			buildSettings = {
				ASSETCATALOG_COMPILER_APPICON_NAME = AppIcon;
				ASSETCATALOG_COMPILER_GLOBAL_ACCENT_COLOR_NAME = AccentColor;
				CODE_SIGN_STYLE = Automatic;
				CURRENT_PROJECT_VERSION = 1;
				DEVELOPMENT_ASSET_PATHS = "\"Immuni/Preview Content\"";
				ENABLE_PREVIEWS = YES;
				GENERATE_INFOPLIST_FILE = YES;
				INFOPLIST_KEY_UIApplicationSceneManifest_Generation = YES;
				INFOPLIST_KEY_UIApplicationSupportsIndirectInputEvents = YES;
				INFOPLIST_KEY_UILaunchScreen_Generation = YES;
				INFOPLIST_KEY_UISupportedInterfaceOrientations_iPad = "UIInterfaceOrientationPortrait UIInterfaceOrientationPortraitUpsideDown UIInterfaceOrientationLandscapeLeft UIInterfaceOrientationLandscapeRight";
				INFOPLIST_KEY_UISupportedInterfaceOrientations_iPhone = "UIInterfaceOrientationPortrait UIInterfaceOrientationLandscapeLeft UIInterfaceOrientationLandscapeRight";
				LD_RUNPATH_SEARCH_PATHS = (
					"$(inherited)",
					"@executable_path/Frameworks",
				);
				MARKETING_VERSION = 1.0;
				PRODUCT_BUNDLE_IDENTIFIER = compmj.Immuni;
				PRODUCT_NAME = "$(TARGET_NAME)";
				SWIFT_EMIT_LOC_STRINGS = YES;
				SWIFT_VERSION = 5.0;
				TARGETED_DEVICE_FAMILY = "1,2";
			};
			name = Debug;
		};
		CCBF69AD2BCD36B000774F3E /* Release */ = {
			isa = XCBuildConfiguration;
			buildSettings = {
				ASSETCATALOG_COMPILER_APPICON_NAME = AppIcon;
				ASSETCATALOG_COMPILER_GLOBAL_ACCENT_COLOR_NAME = AccentColor;
				CODE_SIGN_STYLE = Automatic;
				CURRENT_PROJECT_VERSION = 1;
				DEVELOPMENT_ASSET_PATHS = "\"Immuni/Preview Content\"";
				ENABLE_PREVIEWS = YES;
				GENERATE_INFOPLIST_FILE = YES;
				INFOPLIST_KEY_UIApplicationSceneManifest_Generation = YES;
				INFOPLIST_KEY_UIApplicationSupportsIndirectInputEvents = YES;
				INFOPLIST_KEY_UILaunchScreen_Generation = YES;
				INFOPLIST_KEY_UISupportedInterfaceOrientations_iPad = "UIInterfaceOrientationPortrait UIInterfaceOrientationPortraitUpsideDown UIInterfaceOrientationLandscapeLeft UIInterfaceOrientationLandscapeRight";
				INFOPLIST_KEY_UISupportedInterfaceOrientations_iPhone = "UIInterfaceOrientationPortrait UIInterfaceOrientationLandscapeLeft UIInterfaceOrientationLandscapeRight";
				LD_RUNPATH_SEARCH_PATHS = (
					"$(inherited)",
					"@executable_path/Frameworks",
				);
				MARKETING_VERSION = 1.0;
				PRODUCT_BUNDLE_IDENTIFIER = compmj.Immuni;
				PRODUCT_NAME = "$(TARGET_NAME)";
				SWIFT_EMIT_LOC_STRINGS = YES;
				SWIFT_VERSION = 5.0;
				TARGETED_DEVICE_FAMILY = "1,2";
			};
			name = Release;
		};
/* End XCBuildConfiguration section */

/* Begin XCConfigurationList section */
		CCBF69982BCD36AE00774F3E /* Build configuration list for PBXProject "Immuni" */ = {
			isa = XCConfigurationList;
			buildConfigurations = (
				CCBF69A92BCD36B000774F3E /* Debug */,
				CCBF69AA2BCD36B000774F3E /* Release */,
			);
			defaultConfigurationIsVisible = 0;
			defaultConfigurationName = Release;
		};
		CCBF69AB2BCD36B000774F3E /* Build configuration list for PBXNativeTarget "Immuni" */ = {
			isa = XCConfigurationList;
			buildConfigurations = (
				CCBF69AC2BCD36B000774F3E /* Debug */,
				CCBF69AD2BCD36B000774F3E /* Release */,
			);
			defaultConfigurationIsVisible = 0;
			defaultConfigurationName = Release;
		};
/* End XCConfigurationList section */

/* Begin XCVersionGroup section */
		CC7C9B412BCD52850007512A /* UserData.xcdatamodeld */ = {
			isa = XCVersionGroup;
			children = (
				CC7C9B422BCD52850007512A /* UserData.xcdatamodel */,
			);
			currentVersion = CC7C9B422BCD52850007512A /* UserData.xcdatamodel */;
			path = UserData.xcdatamodeld;
			sourceTree = "<group>";
			versionGroupType = wrapper.xcdatamodel;
		};
/* End XCVersionGroup section */
	};
	rootObject = CCBF69952BCD36AE00774F3E /* Project object */;
}
